// !$*UTF8*$!
{
	archiveVersion = 1;
	classes = {
	};
	objectVersion = 46;
	objects = {

/* Begin PBXBuildFile section */
		CEB94F08164FFC5E005BEE98 /* Foundation.framework in Frameworks */ = {isa = PBXBuildFile; fileRef = CEB94F07164FFC5E005BEE98 /* Foundation.framework */; };
		CEB94F2A164FFC5E005BEE98 /* NativeTwitter.m in Sources */ = {isa = PBXBuildFile; fileRef = CEB94F29164FFC5E005BEE98 /* NativeTwitter.m */; };
		CEB94F39165030B6005BEE98 /* Twitter.framework in Frameworks */ = {isa = PBXBuildFile; fileRef = CEB94F3116503073005BEE98 /* Twitter.framework */; };
		CEB94F8E16505FF8005BEE98 /* Accounts.framework in Frameworks */ = {isa = PBXBuildFile; fileRef = CEB94F8D16505FF8005BEE98 /* Accounts.framework */; };
		CEB94F9216567A40005BEE98 /* NativeTwitter.h in Headers */ = {isa = PBXBuildFile; fileRef = CEB94F28164FFC5E005BEE98 /* NativeTwitter.h */; };
		CEB94F9316567A4F005BEE98 /* FlashRuntimeExtensions.h in Headers */ = {isa = PBXBuildFile; fileRef = CEB94F7B16503308005BEE98 /* FlashRuntimeExtensions.h */; };
/* End PBXBuildFile section */

/* Begin PBXFileReference section */
		CEB94F04164FFC5E005BEE98 /* libNativeTwitter.a */ = {isa = PBXFileReference; explicitFileType = archive.ar; includeInIndex = 0; path = libNativeTwitter.a; sourceTree = BUILT_PRODUCTS_DIR; };
		CEB94F07164FFC5E005BEE98 /* Foundation.framework */ = {isa = PBXFileReference; lastKnownFileType = wrapper.framework; name = Foundation.framework; path = System/Library/Frameworks/Foundation.framework; sourceTree = SDKROOT; };
		CEB94F27164FFC5E005BEE98 /* NativeTwitter-Prefix.pch */ = {isa = PBXFileReference; lastKnownFileType = sourcecode.c.h; path = "NativeTwitter-Prefix.pch"; sourceTree = "<group>"; };
		CEB94F28164FFC5E005BEE98 /* NativeTwitter.h */ = {isa = PBXFileReference; lastKnownFileType = sourcecode.c.h; path = NativeTwitter.h; sourceTree = "<group>"; };
		CEB94F29164FFC5E005BEE98 /* NativeTwitter.m */ = {isa = PBXFileReference; lastKnownFileType = sourcecode.c.objc; path = NativeTwitter.m; sourceTree = "<group>"; };
		CEB94F2B164FFC5E005BEE98 /* platformoptions.xml */ = {isa = PBXFileReference; lastKnownFileType = text.xml; path = platformoptions.xml; sourceTree = "<group>"; };
		CEB94F3116503073005BEE98 /* Twitter.framework */ = {isa = PBXFileReference; lastKnownFileType = wrapper.framework; name = Twitter.framework; path = System/Library/Frameworks/Twitter.framework; sourceTree = SDKROOT; };
		CEB94F7B16503308005BEE98 /* FlashRuntimeExtensions.h */ = {isa = PBXFileReference; fileEncoding = 4; lastKnownFileType = sourcecode.c.h; path = FlashRuntimeExtensions.h; sourceTree = "<group>"; };
		CEB94F8D16505FF8005BEE98 /* Accounts.framework */ = {isa = PBXFileReference; lastKnownFileType = wrapper.framework; name = Accounts.framework; path = System/Library/Frameworks/Accounts.framework; sourceTree = SDKROOT; };
/* End PBXFileReference section */

/* Begin PBXFrameworksBuildPhase section */
		CEB94F01164FFC5E005BEE98 /* Frameworks */ = {
			isa = PBXFrameworksBuildPhase;
			buildActionMask = 2147483647;
			files = (
				CEB94F39165030B6005BEE98 /* Twitter.framework in Frameworks */,
				CEB94F8E16505FF8005BEE98 /* Accounts.framework in Frameworks */,
				CEB94F08164FFC5E005BEE98 /* Foundation.framework in Frameworks */,
			);
			runOnlyForDeploymentPostprocessing = 0;
		};
/* End PBXFrameworksBuildPhase section */

/* Begin PBXGroup section */
		CEB94EF9164FFC5E005BEE98 = {
			isa = PBXGroup;
			children = (
				CEB94F25164FFC5E005BEE98 /* NativeTwitter */,
				CEB94F06164FFC5E005BEE98 /* Frameworks */,
				CEB94F05164FFC5E005BEE98 /* Products */,
			);
			sourceTree = "<group>";
		};
		CEB94F05164FFC5E005BEE98 /* Products */ = {
			isa = PBXGroup;
			children = (
				CEB94F04164FFC5E005BEE98 /* libNativeTwitter.a */,
			);
			name = Products;
			sourceTree = "<group>";
		};
		CEB94F06164FFC5E005BEE98 /* Frameworks */ = {
			isa = PBXGroup;
			children = (
				CEB94F8D16505FF8005BEE98 /* Accounts.framework */,
				CEB94F3116503073005BEE98 /* Twitter.framework */,
				CEB94F07164FFC5E005BEE98 /* Foundation.framework */,
			);
			name = Frameworks;
			sourceTree = "<group>";
		};
		CEB94F25164FFC5E005BEE98 /* NativeTwitter */ = {
			isa = PBXGroup;
			children = (
				CEB94F7B16503308005BEE98 /* FlashRuntimeExtensions.h */,
				CEB94F28164FFC5E005BEE98 /* NativeTwitter.h */,
				CEB94F29164FFC5E005BEE98 /* NativeTwitter.m */,
				CEB94F26164FFC5E005BEE98 /* Supporting Files */,
			);
			path = NativeTwitter;
			sourceTree = "<group>";
		};
		CEB94F26164FFC5E005BEE98 /* Supporting Files */ = {
			isa = PBXGroup;
			children = (
				CEB94F27164FFC5E005BEE98 /* NativeTwitter-Prefix.pch */,
				CEB94F2B164FFC5E005BEE98 /* platformoptions.xml */,
			);
			name = "Supporting Files";
			sourceTree = "<group>";
		};
/* End PBXGroup section */

/* Begin PBXHeadersBuildPhase section */
		CEB94F02164FFC5E005BEE98 /* Headers */ = {
			isa = PBXHeadersBuildPhase;
			buildActionMask = 2147483647;
			files = (
				CEB94F9316567A4F005BEE98 /* FlashRuntimeExtensions.h in Headers */,
				CEB94F9216567A40005BEE98 /* NativeTwitter.h in Headers */,
			);
			runOnlyForDeploymentPostprocessing = 0;
		};
/* End PBXHeadersBuildPhase section */

/* Begin PBXNativeTarget section */
		CEB94F03164FFC5E005BEE98 /* NativeTwitter */ = {
			isa = PBXNativeTarget;
			buildConfigurationList = CEB94F2E164FFC5E005BEE98 /* Build configuration list for PBXNativeTarget "NativeTwitter" */;
			buildPhases = (
				CEB94F00164FFC5E005BEE98 /* Sources */,
				CEB94F01164FFC5E005BEE98 /* Frameworks */,
				CEB94F02164FFC5E005BEE98 /* Headers */,
			);
			buildRules = (
			);
			dependencies = (
			);
			name = NativeTwitter;
			productName = NativeTwitter;
			productReference = CEB94F04164FFC5E005BEE98 /* libNativeTwitter.a */;
			productType = "com.apple.product-type.library.static";
		};
/* End PBXNativeTarget section */

/* Begin PBXProject section */
		CEB94EFB164FFC5E005BEE98 /* Project object */ = {
			isa = PBXProject;
			attributes = {
				LastUpgradeCheck = 0450;
			};
			buildConfigurationList = CEB94EFE164FFC5E005BEE98 /* Build configuration list for PBXProject "NativeTwitter" */;
			compatibilityVersion = "Xcode 3.2";
			developmentRegion = English;
			hasScannedForEncodings = 0;
			knownRegions = (
				en,
			);
			mainGroup = CEB94EF9164FFC5E005BEE98;
			productRefGroup = CEB94F05164FFC5E005BEE98 /* Products */;
			projectDirPath = "";
			projectRoot = "";
			targets = (
				CEB94F03164FFC5E005BEE98 /* NativeTwitter */,
			);
		};
/* End PBXProject section */

/* Begin PBXSourcesBuildPhase section */
		CEB94F00164FFC5E005BEE98 /* Sources */ = {
			isa = PBXSourcesBuildPhase;
			buildActionMask = 2147483647;
			files = (
				CEB94F2A164FFC5E005BEE98 /* NativeTwitter.m in Sources */,
			);
			runOnlyForDeploymentPostprocessing = 0;
		};
/* End PBXSourcesBuildPhase section */

/* Begin XCBuildConfiguration section */
		CEB94F2C164FFC5E005BEE98 /* Debug */ = {
			isa = XCBuildConfiguration;
			buildSettings = {
				ALWAYS_SEARCH_USER_PATHS = NO;
				ARCHS = "$(ARCHS_STANDARD_32_BIT)";
				CLANG_ENABLE_OBJC_ARC = NO;
				COPY_PHASE_STRIP = NO;
				DEPLOYMENT_POSTPROCESSING = YES;
				GCC_C_LANGUAGE_STANDARD = c99;
				GCC_DYNAMIC_NO_PIC = NO;
				GCC_ENABLE_CPP_EXCEPTIONS = YES;
				GCC_ENABLE_OBJC_EXCEPTIONS = YES;
				GCC_OPTIMIZATION_LEVEL = 0;
				GCC_PREPROCESSOR_DEFINITIONS = (
					"DEBUG=1",
					"$(inherited)",
				);
				GCC_SYMBOLS_PRIVATE_EXTERN = NO;
				GCC_VERSION = com.apple.compilers.llvm.clang.1_0;
				GCC_WARN_ABOUT_MISSING_PROTOTYPES = YES;
				GCC_WARN_ABOUT_RETURN_TYPE = YES;
				GCC_WARN_UNUSED_VARIABLE = YES;
				IPHONEOS_DEPLOYMENT_TARGET = 4.3;
				LD_NO_PIE = NO;
				SDKROOT = iphoneos;
				USER_HEADER_SEARCH_PATHS = "/~/Downloads/AdobeAIRSDK/include/";
			};
			name = Debug;
		};
		CEB94F2D164FFC5E005BEE98 /* Release */ = {
			isa = XCBuildConfiguration;
			buildSettings = {
				ALWAYS_SEARCH_USER_PATHS = NO;
				ARCHS = "$(ARCHS_STANDARD_32_BIT)";
				CLANG_ENABLE_OBJC_ARC = NO;
				COPY_PHASE_STRIP = YES;
				DEPLOYMENT_POSTPROCESSING = YES;
				GCC_C_LANGUAGE_STANDARD = c99;
				GCC_DYNAMIC_NO_PIC = NO;
				GCC_ENABLE_CPP_EXCEPTIONS = YES;
				GCC_ENABLE_OBJC_EXCEPTIONS = YES;
				GCC_VERSION = com.apple.compilers.llvm.clang.1_0;
				GCC_WARN_ABOUT_MISSING_PROTOTYPES = YES;
				GCC_WARN_ABOUT_RETURN_TYPE = YES;
				GCC_WARN_UNUSED_VARIABLE = YES;
				IPHONEOS_DEPLOYMENT_TARGET = 4.3;
				LD_NO_PIE = NO;
				SDKROOT = iphoneos;
				USER_HEADER_SEARCH_PATHS = "/~/Downloads/AdobeAIRSDK/include/";
				VALIDATE_PRODUCT = YES;
			};
			name = Release;
		};
		CEB94F2F164FFC5E005BEE98 /* Debug */ = {
			isa = XCBuildConfiguration;
			buildSettings = {
				CONFIGURATION_BUILD_DIR = ../../Binaries/iOS;
				DSTROOT = /tmp/NativeTwitter.dst;
				GCC_DYNAMIC_NO_PIC = NO;
				GCC_LINK_WITH_DYNAMIC_LIBRARIES = YES;
				GCC_PRECOMPILE_PREFIX_HEADER = YES;
				GCC_PREFIX_HEADER = "NativeTwitter/NativeTwitter-Prefix.pch";
				GCC_VERSION = "";
				IPHONEOS_DEPLOYMENT_TARGET = 4.3;
				LD_NO_PIE = NO;
				OTHER_LDFLAGS = "-ObjC";
				PRODUCT_NAME = "$(TARGET_NAME)";
				SKIP_INSTALL = YES;
				STRIP_INSTALLED_PRODUCT = YES;
				TARGETED_DEVICE_FAMILY = "1,2";
				USER_HEADER_SEARCH_PATHS = "";
			};
			name = Debug;
		};
		CEB94F30164FFC5E005BEE98 /* Release */ = {
			isa = XCBuildConfiguration;
			buildSettings = {
				CONFIGURATION_BUILD_DIR = ../../Binaries/iOS;
				DSTROOT = /tmp/NativeTwitter.dst;
				GCC_DYNAMIC_NO_PIC = NO;
				GCC_LINK_WITH_DYNAMIC_LIBRARIES = YES;
				GCC_PRECOMPILE_PREFIX_HEADER = YES;
				GCC_PREFIX_HEADER = "NativeTwitter/NativeTwitter-Prefix.pch";
				GCC_VERSION = "";
				IPHONEOS_DEPLOYMENT_TARGET = 4.3;
				LD_NO_PIE = NO;
				OTHER_LDFLAGS = "-ObjC";
				PRODUCT_NAME = "$(TARGET_NAME)";
				SKIP_INSTALL = YES;
				STRIP_INSTALLED_PRODUCT = YES;
				TARGETED_DEVICE_FAMILY = "1,2";
				USER_HEADER_SEARCH_PATHS = "";
			};
			name = Release;
		};
/* End XCBuildConfiguration section */

/* Begin XCConfigurationList section */
		CEB94EFE164FFC5E005BEE98 /* Build configuration list for PBXProject "NativeTwitter" */ = {
			isa = XCConfigurationList;
			buildConfigurations = (
				CEB94F2C164FFC5E005BEE98 /* Debug */,
				CEB94F2D164FFC5E005BEE98 /* Release */,
			);
			defaultConfigurationIsVisible = 0;
			defaultConfigurationName = Release;
		};
		CEB94F2E164FFC5E005BEE98 /* Build configuration list for PBXNativeTarget "NativeTwitter" */ = {
			isa = XCConfigurationList;
			buildConfigurations = (
				CEB94F2F164FFC5E005BEE98 /* Debug */,
				CEB94F30164FFC5E005BEE98 /* Release */,
			);
			defaultConfigurationIsVisible = 0;
			defaultConfigurationName = Release;
		};
/* End XCConfigurationList section */
	};
	rootObject = CEB94EFB164FFC5E005BEE98 /* Project object */;
}
